github.com/js-arias/command v0.0.0-20220321160405-bad66700a180 h1:pE1RCqlGkRZTdwAUK833XGbz5FvTHBaS/OW0GQXz5pM=
github.com/js-arias/command v0.0.0-20220321160405-bad66700a180/go.mod h1:ogKwQI2+xKu3CeddpPBks1UacMtHx40lkPcsP26Zyn0=
github.com/js-arias/earth v0.0.0-20221122200648-0673820d1a2b h1:8KDJnTyYxH7bebOEzpFnL7OU9aPrFYin1waV/mUxUwc=
github.com/js-arias/earth v0.0.0-20221122200648-0673820d1a2b/go.mod h1:T2whg8R6iEgoRUVDSQDBAGWZ88xFW2SRaWomw8ImRSQ=
github.com/js-arias/earth v0.0.0-20230119143554-1909ab748219 h1:UFiGK3GxTclv92PWODrU+V7Ow4VCNMusmUHUOYk7khU=
github.com/js-arias/earth v0.0.0-20230119143554-1909ab748219/go.mod h1:T2whg8R6iEgoRUVDSQDBAGWZ88xFW2SRaWomw8ImRSQ=
github.com/js-arias/earth v0.0.0-20230120143647-f67f8a80f068 h1:f5uSn96N4leMUH38kguQqRziAlf2tWmp8u3ta0Kaui4=
github.com/js-arias/earth v0.0.0-20230120143647-f67f8a80f068/go.mod h1:T2whg8R6iEgoRUVDSQDBAGWZ88xFW2SRaWomw8ImRSQ=
golang.org/x/exp v0.0.0-20220713135740-79cabaa25d75 h1:x03zeu7B2B11ySp+daztnwM5oBJ/8wGUSqrwcw9L0RA=
golang.org/x/exp v0.0.0-20220713135740-79cabaa25d75/go.mod h1:Kr81I6Kryrl9sr8s2FK3vxD90NdsKWRuOIl2O4CvYbA=
golang.org/x/exp v0.0.0-20230118134722-a68e582fa157 h1:fiNkyhJPUvxbRPbCqY/D9qdjmPzfHcpK3P4bM4gioSY=
golang.org/x/exp v0.0.0-20230118134722-a68e582fa157/go.mod h1:CxIveKay+FTh1D0yPZemJVgC/95VzuuOLq5Qi4xnoYc=
gonum.org/v1/gonum v0.12.0 h1:xKuo6hzt+gMav00meVPUlXwSdoEJP46BR+wdxQEFK2o=
gonum.org/v1/gonum v0.12.0/go.mod h1:73TDxJfAAHeA8Mk9mf8NlIppyhQNo5GLTcYeqgo2lvY=
